
Microsoft Visual Studio Solution File, Format Version 12.00
# Visual Studio Version 16
VisualStudioVersion = 16.0.30717.126
MinimumVisualStudioVersion = 10.0.40219.1
Project("{FAE04EC0-301F-11D3-BF4B-00C04F79EFBC}") = "Blazor-Api-Identity.Server", "Blazor-Api-Identity\Server\Blazor-Api-Identity.Server.csproj", "{FC8646CE-7610-4B8D-84C5-4B035E9015FF}"
EndProject
Project("{FAE04EC0-301F-11D3-BF4B-00C04F79EFBC}") = "Blazor-Api-Identity.Client", "Blazor-Api-Identity\Client\Blazor-Api-Identity.Client.csproj", "{311E1394-A7E2-48D8-96D0-4746D1EFDBE7}"
EndProject
Project("{FAE04EC0-301F-11D3-BF4B-00C04F79EFBC}") = "Blazor-Api-Identity.Shared", "Blazor-Api-Identity\Shared\Blazor-Api-Identity.Shared.csproj", "{9AFBDBFD-2ABF-4E78-8742-A475DDE65A7C}"
EndProject
Global
	GlobalSection(SolutionConfigurationPlatforms) = preSolution
		Debug|Any CPU = Debug|Any CPU
		Release|Any CPU = Release|Any CPU
	EndGlobalSection
	GlobalSection(ProjectConfigurationPlatforms) = postSolution
		{FC8646CE-7610-4B8D-84C5-4B035E9015FF}.Debug|Any CPU.ActiveCfg = Debug|Any CPU
		{FC8646CE-7610-4B8D-84C5-4B035E9015FF}.Debug|Any CPU.Build.0 = Debug|Any CPU
		{FC8646CE-7610-4B8D-84C5-4B035E9015FF}.Release|Any CPU.ActiveCfg = Release|Any CPU
		{FC8646CE-7610-4B8D-84C5-4B035E9015FF}.Release|Any CPU.Build.0 = Release|Any CPU
		{311E1394-A7E2-48D8-96D0-4746D1EFDBE7}.Debug|Any CPU.ActiveCfg = Debug|Any CPU
		{311E1394-A7E2-48D8-96D0-4746D1EFDBE7}.Debug|Any CPU.Build.0 = Debug|Any CPU
		{311E1394-A7E2-48D8-96D0-4746D1EFDBE7}.Release|Any CPU.ActiveCfg = Release|Any CPU
		{311E1394-A7E2-48D8-96D0-4746D1EFDBE7}.Release|Any CPU.Build.0 = Release|Any CPU
		{9AFBDBFD-2ABF-4E78-8742-A475DDE65A7C}.Debug|Any CPU.ActiveCfg = Debug|Any CPU
		{9AFBDBFD-2ABF-4E78-8742-A475DDE65A7C}.Debug|Any CPU.Build.0 = Debug|Any CPU
		{9AFBDBFD-2ABF-4E78-8742-A475DDE65A7C}.Release|Any CPU.ActiveCfg = Release|Any CPU
		{9AFBDBFD-2ABF-4E78-8742-A475DDE65A7C}.Release|Any CPU.Build.0 = Release|Any CPU
	EndGlobalSection
	GlobalSection(SolutionProperties) = preSolution
		HideSolutionNode = FALSE
	EndGlobalSection
	GlobalSection(ExtensibilityGlobals) = postSolution
		SolutionGuid = {B4427287-28F4-4DA5-888C-74E4C90F7147}
	EndGlobalSection
EndGlobal
